
Microsoft Visual Studio Solution File, Format Version 12.00
# Visual Studio Version 16
VisualStudioVersion = 16.0.31105.61
MinimumVisualStudioVersion = 10.0.40219.1
Project("{FAE04EC0-301F-11D3-BF4B-00C04F79EFBC}") = "Tema3_School_Platform", "Tema3_School_Platform\Tema3_School_Platform.csproj", "{8D15275E-8443-4F7D-ADDF-5EEA17BAE472}"
EndProject
Global
	GlobalSection(SolutionConfigurationPlatforms) = preSolution
		Debug|Any CPU = Debug|Any CPU
		Release|Any CPU = Release|Any CPU
	EndGlobalSection
	GlobalSection(ProjectConfigurationPlatforms) = postSolution
		{8D15275E-8443-4F7D-ADDF-5EEA17BAE472}.Debug|Any CPU.ActiveCfg = Debug|Any CPU
		{8D15275E-8443-4F7D-ADDF-5EEA17BAE472}.Debug|Any CPU.Build.0 = Debug|Any CPU
		{8D15275E-8443-4F7D-ADDF-5EEA17BAE472}.Release|Any CPU.ActiveCfg = Release|Any CPU
		{8D15275E-8443-4F7D-ADDF-5EEA17BAE472}.Release|Any CPU.Build.0 = Release|Any CPU
	EndGlobalSection
	GlobalSection(SolutionProperties) = preSolution
		HideSolutionNode = FALSE
	EndGlobalSection
	GlobalSection(ExtensibilityGlobals) = postSolution
		SolutionGuid = {C2E17213-04D5-400F-9CC8-F4518572CF39}
	EndGlobalSection
EndGlobal
